
Microsoft Visual Studio Solution File, Format Version 12.00
# Visual Studio Version 17
VisualStudioVersion = 17.3.32929.385
MinimumVisualStudioVersion = 10.0.40219.1
Project("{FAE04EC0-301F-11D3-BF4B-00C04F79EFBC}") = "toDoList", "toDoList.csproj", "{C01E3E93-6AFF-437E-AB5D-5EAF9BE1B6D9}"
EndProject
Global
	GlobalSection(SolutionConfigurationPlatforms) = preSolution
		Debug|Any CPU = Debug|Any CPU
		Release|Any CPU = Release|Any CPU
	EndGlobalSection
	GlobalSection(ProjectConfigurationPlatforms) = postSolution
		{C01E3E93-6AFF-437E-AB5D-5EAF9BE1B6D9}.Debug|Any CPU.ActiveCfg = Debug|Any CPU
		{C01E3E93-6AFF-437E-AB5D-5EAF9BE1B6D9}.Debug|Any CPU.Build.0 = Debug|Any CPU
		{C01E3E93-6AFF-437E-AB5D-5EAF9BE1B6D9}.Release|Any CPU.ActiveCfg = Release|Any CPU
		{C01E3E93-6AFF-437E-AB5D-5EAF9BE1B6D9}.Release|Any CPU.Build.0 = Release|Any CPU
	EndGlobalSection
	GlobalSection(SolutionProperties) = preSolution
		HideSolutionNode = FALSE
	EndGlobalSection
	GlobalSection(ExtensibilityGlobals) = postSolution
		SolutionGuid = {DF1B733E-1749-40BD-97EF-9C21B1DF6D5A}
	EndGlobalSection
EndGlobal
